// !$*UTF8*$!
{
	archiveVersion = 1;
	classes = {
	};
	objectVersion = 50;
	objects = {

/* Begin PBXBuildFile section */
		0124E1692077024200F773AC /* MagicPencilViewController+Extension.swift in Sources */ = {isa = PBXBuildFile; fileRef = 0124E1682077024200F773AC /* MagicPencilViewController+Extension.swift */; };
		4DB4663420756F9500B251F6 /* AppDelegate.swift in Sources */ = {isa = PBXBuildFile; fileRef = 4DB4663320756F9500B251F6 /* AppDelegate.swift */; };
		4DB4663620756F9500B251F6 /* art.scnassets in Resources */ = {isa = PBXBuildFile; fileRef = 4DB4663520756F9500B251F6 /* art.scnassets */; };
		4DB4663820756F9500B251F6 /* MainViewController.swift in Sources */ = {isa = PBXBuildFile; fileRef = 4DB4663720756F9500B251F6 /* MainViewController.swift */; };
		4DB4663B20756F9500B251F6 /* Main.storyboard in Resources */ = {isa = PBXBuildFile; fileRef = 4DB4663920756F9500B251F6 /* Main.storyboard */; };
		4DB4664020756F9900B251F6 /* LaunchScreen.storyboard in Resources */ = {isa = PBXBuildFile; fileRef = 4DB4663E20756F9900B251F6 /* LaunchScreen.storyboard */; };
		4DB4664B20756F9900B251F6 /* ARKit_DemoTests.swift in Sources */ = {isa = PBXBuildFile; fileRef = 4DB4664A20756F9900B251F6 /* ARKit_DemoTests.swift */; };
		4DB4665620756F9900B251F6 /* ARKit_DemoUITests.swift in Sources */ = {isa = PBXBuildFile; fileRef = 4DB4665520756F9900B251F6 /* ARKit_DemoUITests.swift */; };
		4DB4666A2075777500B251F6 /* CompositeViewController.swift in Sources */ = {isa = PBXBuildFile; fileRef = 4DB466692075777500B251F6 /* CompositeViewController.swift */; };
		4DB4666C2075778600B251F6 /* CoreMLViewController.swift in Sources */ = {isa = PBXBuildFile; fileRef = 4DB4666B2075778600B251F6 /* CoreMLViewController.swift */; };
		4DB4666E2075779400B251F6 /* MagicPencilViewController.swift in Sources */ = {isa = PBXBuildFile; fileRef = 4DB4666D2075779400B251F6 /* MagicPencilViewController.swift */; };
		4DB46670207577A000B251F6 /* SimpleViewController.swift in Sources */ = {isa = PBXBuildFile; fileRef = 4DB4666F207577A000B251F6 /* SimpleViewController.swift */; };
		4DEA91FC2075AD4600673B1D /* LaunchViewController.swift in Sources */ = {isa = PBXBuildFile; fileRef = 4DEA91FB2075AD4600673B1D /* LaunchViewController.swift */; };
		4DF09C6420758B2600CC6BB7 /* paperPlane.scn in Resources */ = {isa = PBXBuildFile; fileRef = 4DF09C6320758B2600CC6BB7 /* paperPlane.scn */; };
		4DF09C6620758B4600CC6BB7 /* car.dae in Resources */ = {isa = PBXBuildFile; fileRef = 4DF09C6520758B4600CC6BB7 /* car.dae */; };
		4DF09C682075901400CC6BB7 /* Navigator.swift in Sources */ = {isa = PBXBuildFile; fileRef = 4DF09C672075901400CC6BB7 /* Navigator.swift */; };
		4DF09C6A2075902400CC6BB7 /* MainRouter.swift in Sources */ = {isa = PBXBuildFile; fileRef = 4DF09C692075902400CC6BB7 /* MainRouter.swift */; };
		4DF09C6E2075944700CC6BB7 /* Inceptionv3.mlmodel in Sources */ = {isa = PBXBuildFile; fileRef = 4DF09C6D2075944700CC6BB7 /* Inceptionv3.mlmodel */; };
		4DF09C8620759E0B00CC6BB7 /* VirtualObjectManager.swift in Sources */ = {isa = PBXBuildFile; fileRef = 4DF09C7020759E0A00CC6BB7 /* VirtualObjectManager.swift */; };
		4DF09C8720759E0B00CC6BB7 /* PointNode.swift in Sources */ = {isa = PBXBuildFile; fileRef = 4DF09C7120759E0A00CC6BB7 /* PointNode.swift */; };
		4DF09C8820759E0B00CC6BB7 /* FocusSquareSegment.swift in Sources */ = {isa = PBXBuildFile; fileRef = 4DF09C7420759E0B00CC6BB7 /* FocusSquareSegment.swift */; };
		4DF09C8920759E0B00CC6BB7 /* FocusSquare.swift in Sources */ = {isa = PBXBuildFile; fileRef = 4DF09C7520759E0B00CC6BB7 /* FocusSquare.swift */; };
		4DF09C8A20759E0B00CC6BB7 /* Plane.swift in Sources */ = {isa = PBXBuildFile; fileRef = 4DF09C7620759E0B00CC6BB7 /* Plane.swift */; };
		4DF09C8B20759E0B00CC6BB7 /* Models.scnassets in Resources */ = {isa = PBXBuildFile; fileRef = 4DF09C7820759E0B00CC6BB7 /* Models.scnassets */; };
		4DF09C8D20759E0B00CC6BB7 /* wood-diffuse.jpg in Resources */ = {isa = PBXBuildFile; fileRef = 4DF09C7B20759E0B00CC6BB7 /* wood-diffuse.jpg */; };
		4DF09C8E20759E0B00CC6BB7 /* wood-normal.png in Resources */ = {isa = PBXBuildFile; fileRef = 4DF09C7C20759E0B00CC6BB7 /* wood-normal.png */; };
		4DF09C8F20759E0B00CC6BB7 /* wood-specular.jpg in Resources */ = {isa = PBXBuildFile; fileRef = 4DF09C7D20759E0B00CC6BB7 /* wood-specular.jpg */; };
		4DF09C9020759E0B00CC6BB7 /* Assets.xcassets in Resources */ = {isa = PBXBuildFile; fileRef = 4DF09C7E20759E0B00CC6BB7 /* Assets.xcassets */; };
		4DF09C9220759E0B00CC6BB7 /* Info.plist in Resources */ = {isa = PBXBuildFile; fileRef = 4DF09C8020759E0B00CC6BB7 /* Info.plist */; };
		4DF09C9320759E0B00CC6BB7 /* Utilities.swift in Sources */ = {isa = PBXBuildFile; fileRef = 4DF09C8220759E0B00CC6BB7 /* Utilities.swift */; };
		4DF09C9420759E0B00CC6BB7 /* ARSCNView+HitTests.swift in Sources */ = {isa = PBXBuildFile; fileRef = 4DF09C8320759E0B00CC6BB7 /* ARSCNView+HitTests.swift */; };
		4DF09C9520759E0B00CC6BB7 /* TextManager.swift in Sources */ = {isa = PBXBuildFile; fileRef = 4DF09C8420759E0B00CC6BB7 /* TextManager.swift */; };
		4DF09C9620759E0B00CC6BB7 /* SceneExtensions.swift in Sources */ = {isa = PBXBuildFile; fileRef = 4DF09C8520759E0B00CC6BB7 /* SceneExtensions.swift */; };
/* End PBXBuildFile section */

/* Begin PBXContainerItemProxy section */
		4DB4664720756F9900B251F6 /* PBXContainerItemProxy */ = {
			isa = PBXContainerItemProxy;
			containerPortal = 4DB4662820756F9500B251F6 /* Project object */;
			proxyType = 1;
			remoteGlobalIDString = 4DB4662F20756F9500B251F6;
			remoteInfo = "ARKit-Demo";
		};
		4DB4665220756F9900B251F6 /* PBXContainerItemProxy */ = {
			isa = PBXContainerItemProxy;
			containerPortal = 4DB4662820756F9500B251F6 /* Project object */;
			proxyType = 1;
			remoteGlobalIDString = 4DB4662F20756F9500B251F6;
			remoteInfo = "ARKit-Demo";
		};
/* End PBXContainerItemProxy section */

/* Begin PBXFileReference section */
		0124E1682077024200F773AC /* MagicPencilViewController+Extension.swift */ = {isa = PBXFileReference; lastKnownFileType = sourcecode.swift; path = "MagicPencilViewController+Extension.swift"; sourceTree = "<group>"; };
		4DB4663020756F9500B251F6 /* ARKit-Demo.app */ = {isa = PBXFileReference; explicitFileType = wrapper.application; includeInIndex = 0; path = "ARKit-Demo.app"; sourceTree = BUILT_PRODUCTS_DIR; };
		4DB4663320756F9500B251F6 /* AppDelegate.swift */ = {isa = PBXFileReference; lastKnownFileType = sourcecode.swift; path = AppDelegate.swift; sourceTree = "<group>"; };
		4DB4663520756F9500B251F6 /* art.scnassets */ = {isa = PBXFileReference; lastKnownFileType = wrapper.scnassets; path = art.scnassets; sourceTree = "<group>"; };
		4DB4663720756F9500B251F6 /* MainViewController.swift */ = {isa = PBXFileReference; lastKnownFileType = sourcecode.swift; path = MainViewController.swift; sourceTree = "<group>"; };
		4DB4663A20756F9500B251F6 /* Base */ = {isa = PBXFileReference; lastKnownFileType = file.storyboard; name = Base; path = Base.lproj/Main.storyboard; sourceTree = "<group>"; };
		4DB4663F20756F9900B251F6 /* Base */ = {isa = PBXFileReference; lastKnownFileType = file.storyboard; name = Base; path = Base.lproj/LaunchScreen.storyboard; sourceTree = "<group>"; };
		4DB4664120756F9900B251F6 /* Info.plist */ = {isa = PBXFileReference; lastKnownFileType = text.plist.xml; path = Info.plist; sourceTree = "<group>"; };
		4DB4664620756F9900B251F6 /* ARKit-DemoTests.xctest */ = {isa = PBXFileReference; explicitFileType = wrapper.cfbundle; includeInIndex = 0; path = "ARKit-DemoTests.xctest"; sourceTree = BUILT_PRODUCTS_DIR; };
		4DB4664A20756F9900B251F6 /* ARKit_DemoTests.swift */ = {isa = PBXFileReference; lastKnownFileType = sourcecode.swift; path = ARKit_DemoTests.swift; sourceTree = "<group>"; };
		4DB4664C20756F9900B251F6 /* Info.plist */ = {isa = PBXFileReference; lastKnownFileType = text.plist.xml; path = Info.plist; sourceTree = "<group>"; };
		4DB4665120756F9900B251F6 /* ARKit-DemoUITests.xctest */ = {isa = PBXFileReference; explicitFileType = wrapper.cfbundle; includeInIndex = 0; path = "ARKit-DemoUITests.xctest"; sourceTree = BUILT_PRODUCTS_DIR; };
		4DB4665520756F9900B251F6 /* ARKit_DemoUITests.swift */ = {isa = PBXFileReference; lastKnownFileType = sourcecode.swift; path = ARKit_DemoUITests.swift; sourceTree = "<group>"; };
		4DB4665720756F9900B251F6 /* Info.plist */ = {isa = PBXFileReference; lastKnownFileType = text.plist.xml; path = Info.plist; sourceTree = "<group>"; };
		4DB466692075777500B251F6 /* CompositeViewController.swift */ = {isa = PBXFileReference; lastKnownFileType = sourcecode.swift; path = CompositeViewController.swift; sourceTree = "<group>"; };
		4DB4666B2075778600B251F6 /* CoreMLViewController.swift */ = {isa = PBXFileReference; lastKnownFileType = sourcecode.swift; path = CoreMLViewController.swift; sourceTree = "<group>"; };
		4DB4666D2075779400B251F6 /* MagicPencilViewController.swift */ = {isa = PBXFileReference; lastKnownFileType = sourcecode.swift; path = MagicPencilViewController.swift; sourceTree = "<group>"; };
		4DB4666F207577A000B251F6 /* SimpleViewController.swift */ = {isa = PBXFileReference; lastKnownFileType = sourcecode.swift; path = SimpleViewController.swift; sourceTree = "<group>"; };
		4DEA91FB2075AD4600673B1D /* LaunchViewController.swift */ = {isa = PBXFileReference; lastKnownFileType = sourcecode.swift; path = LaunchViewController.swift; sourceTree = "<group>"; };
		4DF09C6320758B2600CC6BB7 /* paperPlane.scn */ = {isa = PBXFileReference; lastKnownFileType = file.bplist; path = paperPlane.scn; sourceTree = "<group>"; };
		4DF09C6520758B4600CC6BB7 /* car.dae */ = {isa = PBXFileReference; fileEncoding = 4; lastKnownFileType = text.xml.dae; path = car.dae; sourceTree = "<group>"; };
		4DF09C672075901400CC6BB7 /* Navigator.swift */ = {isa = PBXFileReference; lastKnownFileType = sourcecode.swift; path = Navigator.swift; sourceTree = "<group>"; };
		4DF09C692075902400CC6BB7 /* MainRouter.swift */ = {isa = PBXFileReference; lastKnownFileType = sourcecode.swift; path = MainRouter.swift; sourceTree = "<group>"; };
		4DF09C6D2075944700CC6BB7 /* Inceptionv3.mlmodel */ = {isa = PBXFileReference; lastKnownFileType = file.mlmodel; path = Inceptionv3.mlmodel; sourceTree = "<group>"; };
		4DF09C7020759E0A00CC6BB7 /* VirtualObjectManager.swift */ = {isa = PBXFileReference; fileEncoding = 4; lastKnownFileType = sourcecode.swift; path = VirtualObjectManager.swift; sourceTree = "<group>"; };
		4DF09C7120759E0A00CC6BB7 /* PointNode.swift */ = {isa = PBXFileReference; fileEncoding = 4; lastKnownFileType = sourcecode.swift; path = PointNode.swift; sourceTree = "<group>"; };
		4DF09C7420759E0B00CC6BB7 /* FocusSquareSegment.swift */ = {isa = PBXFileReference; fileEncoding = 4; lastKnownFileType = sourcecode.swift; path = FocusSquareSegment.swift; sourceTree = "<group>"; };
		4DF09C7520759E0B00CC6BB7 /* FocusSquare.swift */ = {isa = PBXFileReference; fileEncoding = 4; lastKnownFileType = sourcecode.swift; path = FocusSquare.swift; sourceTree = "<group>"; };
		4DF09C7620759E0B00CC6BB7 /* Plane.swift */ = {isa = PBXFileReference; fileEncoding = 4; lastKnownFileType = sourcecode.swift; path = Plane.swift; sourceTree = "<group>"; };
		4DF09C7820759E0B00CC6BB7 /* Models.scnassets */ = {isa = PBXFileReference; lastKnownFileType = wrapper.scnassets; path = Models.scnassets; sourceTree = "<group>"; };
		4DF09C7B20759E0B00CC6BB7 /* wood-diffuse.jpg */ = {isa = PBXFileReference; lastKnownFileType = image.jpeg; path = "wood-diffuse.jpg"; sourceTree = "<group>"; };
		4DF09C7C20759E0B00CC6BB7 /* wood-normal.png */ = {isa = PBXFileReference; lastKnownFileType = image.png; path = "wood-normal.png"; sourceTree = "<group>"; };
		4DF09C7D20759E0B00CC6BB7 /* wood-specular.jpg */ = {isa = PBXFileReference; lastKnownFileType = image.jpeg; path = "wood-specular.jpg"; sourceTree = "<group>"; };
		4DF09C7E20759E0B00CC6BB7 /* Assets.xcassets */ = {isa = PBXFileReference; lastKnownFileType = folder.assetcatalog; path = Assets.xcassets; sourceTree = "<group>"; };
		4DF09C8020759E0B00CC6BB7 /* Info.plist */ = {isa = PBXFileReference; fileEncoding = 4; lastKnownFileType = text.plist.xml; path = Info.plist; sourceTree = "<group>"; };
		4DF09C8220759E0B00CC6BB7 /* Utilities.swift */ = {isa = PBXFileReference; fileEncoding = 4; lastKnownFileType = sourcecode.swift; path = Utilities.swift; sourceTree = "<group>"; };
		4DF09C8320759E0B00CC6BB7 /* ARSCNView+HitTests.swift */ = {isa = PBXFileReference; fileEncoding = 4; lastKnownFileType = sourcecode.swift; path = "ARSCNView+HitTests.swift"; sourceTree = "<group>"; };
		4DF09C8420759E0B00CC6BB7 /* TextManager.swift */ = {isa = PBXFileReference; fileEncoding = 4; lastKnownFileType = sourcecode.swift; path = TextManager.swift; sourceTree = "<group>"; };
		4DF09C8520759E0B00CC6BB7 /* SceneExtensions.swift */ = {isa = PBXFileReference; fileEncoding = 4; lastKnownFileType = sourcecode.swift; path = SceneExtensions.swift; sourceTree = "<group>"; };
/* End PBXFileReference section */

/* Begin PBXFrameworksBuildPhase section */
		4DB4662D20756F9500B251F6 /* Frameworks */ = {
			isa = PBXFrameworksBuildPhase;
			buildActionMask = 2147483647;
			files = (
			);
			runOnlyForDeploymentPostprocessing = 0;
		};
		4DB4664320756F9900B251F6 /* Frameworks */ = {
			isa = PBXFrameworksBuildPhase;
			buildActionMask = 2147483647;
			files = (
			);
			runOnlyForDeploymentPostprocessing = 0;
		};
		4DB4664E20756F9900B251F6 /* Frameworks */ = {
			isa = PBXFrameworksBuildPhase;
			buildActionMask = 2147483647;
			files = (
			);
			runOnlyForDeploymentPostprocessing = 0;
		};
/* End PBXFrameworksBuildPhase section */

/* Begin PBXGroup section */
		4DB4662720756F9500B251F6 = {
			isa = PBXGroup;
			children = (
				4DB4663220756F9500B251F6 /* ARKit-Demo */,
				4DB4664920756F9900B251F6 /* ARKit-DemoTests */,
				4DB4665420756F9900B251F6 /* ARKit-DemoUITests */,
				4DB4663120756F9500B251F6 /* Products */,
			);
			sourceTree = "<group>";
		};
		4DB4663120756F9500B251F6 /* Products */ = {
			isa = PBXGroup;
			children = (
				4DB4663020756F9500B251F6 /* ARKit-Demo.app */,
				4DB4664620756F9900B251F6 /* ARKit-DemoTests.xctest */,
				4DB4665120756F9900B251F6 /* ARKit-DemoUITests.xctest */,
			);
			name = Products;
			sourceTree = "<group>";
		};
		4DB4663220756F9500B251F6 /* ARKit-Demo */ = {
			isa = PBXGroup;
			children = (
				4DF09C6C2075943A00CC6BB7 /* ML Core */,
				4DF09C6B2075903300CC6BB7 /* MainScene */,
				4DF09C6220758ADD00CC6BB7 /* Scenes assets */,
				4DB466672075711100B251F6 /* Scenes */,
				4DB4663320756F9500B251F6 /* AppDelegate.swift */,
				4DB4663520756F9500B251F6 /* art.scnassets */,
				4DB4663920756F9500B251F6 /* Main.storyboard */,
				4DB4663E20756F9900B251F6 /* LaunchScreen.storyboard */,
				4DB4664120756F9900B251F6 /* Info.plist */,
				4DEA91FB2075AD4600673B1D /* LaunchViewController.swift */,
			);
			path = "ARKit-Demo";
			sourceTree = "<group>";
		};
		4DB4664920756F9900B251F6 /* ARKit-DemoTests */ = {
			isa = PBXGroup;
			children = (
				4DB4664A20756F9900B251F6 /* ARKit_DemoTests.swift */,
				4DB4664C20756F9900B251F6 /* Info.plist */,
			);
			path = "ARKit-DemoTests";
			sourceTree = "<group>";
		};
		4DB4665420756F9900B251F6 /* ARKit-DemoUITests */ = {
			isa = PBXGroup;
			children = (
				4DB4665520756F9900B251F6 /* ARKit_DemoUITests.swift */,
				4DB4665720756F9900B251F6 /* Info.plist */,
			);
			path = "ARKit-DemoUITests";
			sourceTree = "<group>";
		};
		4DB46663207570CB00B251F6 /* SimpleAR */ = {
			isa = PBXGroup;
			children = (
				4DB4666F207577A000B251F6 /* SimpleViewController.swift */,
			);
			path = SimpleAR;
			sourceTree = "<group>";
		};
		4DB46664207570DD00B251F6 /* CompositeAR */ = {
			isa = PBXGroup;
			children = (
				4DB466692075777500B251F6 /* CompositeViewController.swift */,
			);
			path = CompositeAR;
			sourceTree = "<group>";
		};
		4DB46665207570E700B251F6 /* PencilAR */ = {
			isa = PBXGroup;
			children = (
				4DF09C7720759E0B00CC6BB7 /* Resources */,
				4DF09C7220759E0B00CC6BB7 /* UI Elements */,
				4DF09C8120759E0B00CC6BB7 /* Utilities */,
				4DF09C6F20759E0A00CC6BB7 /* Virtual Objects */,
				4DB4666D2075779400B251F6 /* MagicPencilViewController.swift */,
				0124E1682077024200F773AC /* MagicPencilViewController+Extension.swift */,
			);
			path = PencilAR;
			sourceTree = "<group>";
		};
		4DB466662075710000B251F6 /* CoreML+AR */ = {
			isa = PBXGroup;
			children = (
				4DB4666B2075778600B251F6 /* CoreMLViewController.swift */,
			);
			path = "CoreML+AR";
			sourceTree = "<group>";
		};
		4DB466672075711100B251F6 /* Scenes */ = {
			isa = PBXGroup;
			children = (
				4DB46664207570DD00B251F6 /* CompositeAR */,
				4DB466662075710000B251F6 /* CoreML+AR */,
				4DB46665207570E700B251F6 /* PencilAR */,
				4DB46663207570CB00B251F6 /* SimpleAR */,
			);
			path = Scenes;
			sourceTree = "<group>";
		};
		4DF09C6220758ADD00CC6BB7 /* Scenes assets */ = {
			isa = PBXGroup;
			children = (
				4DF09C6520758B4600CC6BB7 /* car.dae */,
				4DF09C6320758B2600CC6BB7 /* paperPlane.scn */,
			);
			path = "Scenes assets";
			sourceTree = "<group>";
		};
		4DF09C6B2075903300CC6BB7 /* MainScene */ = {
			isa = PBXGroup;
			children = (
				4DB4663720756F9500B251F6 /* MainViewController.swift */,
				4DF09C672075901400CC6BB7 /* Navigator.swift */,
				4DF09C692075902400CC6BB7 /* MainRouter.swift */,
			);
			path = MainScene;
			sourceTree = "<group>";
		};
		4DF09C6C2075943A00CC6BB7 /* ML Core */ = {
			isa = PBXGroup;
			children = (
				4DF09C6D2075944700CC6BB7 /* Inceptionv3.mlmodel */,
			);
			path = "ML Core";
			sourceTree = "<group>";
		};
		4DF09C6F20759E0A00CC6BB7 /* Virtual Objects */ = {
			isa = PBXGroup;
			children = (
				4DF09C7020759E0A00CC6BB7 /* VirtualObjectManager.swift */,
				4DF09C7120759E0A00CC6BB7 /* PointNode.swift */,
			);
			path = "Virtual Objects";
			sourceTree = "<group>";
		};
		4DF09C7220759E0B00CC6BB7 /* UI Elements */ = {
			isa = PBXGroup;
			children = (
				4DF09C7320759E0B00CC6BB7 /* Focus Squares */,
				4DF09C7620759E0B00CC6BB7 /* Plane.swift */,
			);
			path = "UI Elements";
			sourceTree = "<group>";
		};
		4DF09C7320759E0B00CC6BB7 /* Focus Squares */ = {
			isa = PBXGroup;
			children = (
				4DF09C7420759E0B00CC6BB7 /* FocusSquareSegment.swift */,
				4DF09C7520759E0B00CC6BB7 /* FocusSquare.swift */,
			);
			path = "Focus Squares";
			sourceTree = "<group>";
		};
		4DF09C7720759E0B00CC6BB7 /* Resources */ = {
			isa = PBXGroup;
			children = (
				4DF09C7820759E0B00CC6BB7 /* Models.scnassets */,
				4DF09C7A20759E0B00CC6BB7 /* wood-matrial */,
				4DF09C7E20759E0B00CC6BB7 /* Assets.xcassets */,
				4DF09C8020759E0B00CC6BB7 /* Info.plist */,
			);
			path = Resources;
			sourceTree = "<group>";
		};
		4DF09C7A20759E0B00CC6BB7 /* wood-matrial */ = {
			isa = PBXGroup;
			children = (
				4DF09C7B20759E0B00CC6BB7 /* wood-diffuse.jpg */,
				4DF09C7C20759E0B00CC6BB7 /* wood-normal.png */,
				4DF09C7D20759E0B00CC6BB7 /* wood-specular.jpg */,
			);
			path = "wood-matrial";
			sourceTree = "<group>";
		};
		4DF09C8120759E0B00CC6BB7 /* Utilities */ = {
			isa = PBXGroup;
			children = (
				4DF09C8220759E0B00CC6BB7 /* Utilities.swift */,
				4DF09C8320759E0B00CC6BB7 /* ARSCNView+HitTests.swift */,
				4DF09C8420759E0B00CC6BB7 /* TextManager.swift */,
				4DF09C8520759E0B00CC6BB7 /* SceneExtensions.swift */,
			);
			path = Utilities;
			sourceTree = "<group>";
		};
/* End PBXGroup section */

/* Begin PBXNativeTarget section */
		4DB4662F20756F9500B251F6 /* ARKit-Demo */ = {
			isa = PBXNativeTarget;
			buildConfigurationList = 4DB4665A20756F9900B251F6 /* Build configuration list for PBXNativeTarget "ARKit-Demo" */;
			buildPhases = (
				4DB4662C20756F9500B251F6 /* Sources */,
				4DB4662D20756F9500B251F6 /* Frameworks */,
				4DB4662E20756F9500B251F6 /* Resources */,
				4DB46668207571D500B251F6 /* Swiftlint */,
			);
			buildRules = (
			);
			dependencies = (
			);
			name = "ARKit-Demo";
			productName = "ARKit-Demo";
			productReference = 4DB4663020756F9500B251F6 /* ARKit-Demo.app */;
			productType = "com.apple.product-type.application";
		};
		4DB4664520756F9900B251F6 /* ARKit-DemoTests */ = {
			isa = PBXNativeTarget;
			buildConfigurationList = 4DB4665D20756F9900B251F6 /* Build configuration list for PBXNativeTarget "ARKit-DemoTests" */;
			buildPhases = (
				4DB4664220756F9900B251F6 /* Sources */,
				4DB4664320756F9900B251F6 /* Frameworks */,
				4DB4664420756F9900B251F6 /* Resources */,
			);
			buildRules = (
			);
			dependencies = (
				4DB4664820756F9900B251F6 /* PBXTargetDependency */,
			);
			name = "ARKit-DemoTests";
			productName = "ARKit-DemoTests";
			productReference = 4DB4664620756F9900B251F6 /* ARKit-DemoTests.xctest */;
			productType = "com.apple.product-type.bundle.unit-test";
		};
		4DB4665020756F9900B251F6 /* ARKit-DemoUITests */ = {
			isa = PBXNativeTarget;
			buildConfigurationList = 4DB4666020756F9900B251F6 /* Build configuration list for PBXNativeTarget "ARKit-DemoUITests" */;
			buildPhases = (
				4DB4664D20756F9900B251F6 /* Sources */,
				4DB4664E20756F9900B251F6 /* Frameworks */,
				4DB4664F20756F9900B251F6 /* Resources */,
			);
			buildRules = (
			);
			dependencies = (
				4DB4665320756F9900B251F6 /* PBXTargetDependency */,
			);
			name = "ARKit-DemoUITests";
			productName = "ARKit-DemoUITests";
			productReference = 4DB4665120756F9900B251F6 /* ARKit-DemoUITests.xctest */;
			productType = "com.apple.product-type.bundle.ui-testing";
		};
/* End PBXNativeTarget section */

/* Begin PBXProject section */
		4DB4662820756F9500B251F6 /* Project object */ = {
			isa = PBXProject;
			attributes = {
				LastSwiftUpdateCheck = 0930;
				LastUpgradeCheck = 0930;
				ORGANIZATIONNAME = IntiveFDV;
				TargetAttributes = {
					4DB4662F20756F9500B251F6 = {
						CreatedOnToolsVersion = 9.3;
					};
					4DB4664520756F9900B251F6 = {
						CreatedOnToolsVersion = 9.3;
						TestTargetID = 4DB4662F20756F9500B251F6;
					};
					4DB4665020756F9900B251F6 = {
						CreatedOnToolsVersion = 9.3;
						TestTargetID = 4DB4662F20756F9500B251F6;
					};
				};
			};
			buildConfigurationList = 4DB4662B20756F9500B251F6 /* Build configuration list for PBXProject "ARKit-Demo" */;
			compatibilityVersion = "Xcode 9.3";
			developmentRegion = en;
			hasScannedForEncodings = 0;
			knownRegions = (
				en,
				Base,
			);
			mainGroup = 4DB4662720756F9500B251F6;
			productRefGroup = 4DB4663120756F9500B251F6 /* Products */;
			projectDirPath = "";
			projectRoot = "";
			targets = (
				4DB4662F20756F9500B251F6 /* ARKit-Demo */,
				4DB4664520756F9900B251F6 /* ARKit-DemoTests */,
				4DB4665020756F9900B251F6 /* ARKit-DemoUITests */,
			);
		};
/* End PBXProject section */

/* Begin PBXResourcesBuildPhase section */
		4DB4662E20756F9500B251F6 /* Resources */ = {
			isa = PBXResourcesBuildPhase;
			buildActionMask = 2147483647;
			files = (
				4DB4663620756F9500B251F6 /* art.scnassets in Resources */,
				4DB4664020756F9900B251F6 /* LaunchScreen.storyboard in Resources */,
				4DF09C8F20759E0B00CC6BB7 /* wood-specular.jpg in Resources */,
				4DF09C8D20759E0B00CC6BB7 /* wood-diffuse.jpg in Resources */,
				4DF09C9220759E0B00CC6BB7 /* Info.plist in Resources */,
				4DF09C6620758B4600CC6BB7 /* car.dae in Resources */,
				4DF09C6420758B2600CC6BB7 /* paperPlane.scn in Resources */,
				4DB4663B20756F9500B251F6 /* Main.storyboard in Resources */,
				4DF09C8B20759E0B00CC6BB7 /* Models.scnassets in Resources */,
				4DF09C9020759E0B00CC6BB7 /* Assets.xcassets in Resources */,
				4DF09C8E20759E0B00CC6BB7 /* wood-normal.png in Resources */,
			);
			runOnlyForDeploymentPostprocessing = 0;
		};
		4DB4664420756F9900B251F6 /* Resources */ = {
			isa = PBXResourcesBuildPhase;
			buildActionMask = 2147483647;
			files = (
			);
			runOnlyForDeploymentPostprocessing = 0;
		};
		4DB4664F20756F9900B251F6 /* Resources */ = {
			isa = PBXResourcesBuildPhase;
			buildActionMask = 2147483647;
			files = (
			);
			runOnlyForDeploymentPostprocessing = 0;
		};
/* End PBXResourcesBuildPhase section */

/* Begin PBXShellScriptBuildPhase section */
		4DB46668207571D500B251F6 /* Swiftlint */ = {
			isa = PBXShellScriptBuildPhase;
			buildActionMask = 2147483647;
			files = (
			);
			inputPaths = (
			);
			name = Swiftlint;
			outputPaths = (
			);
			runOnlyForDeploymentPostprocessing = 0;
			shellPath = /bin/sh;
			shellScript = "";
		};
/* End PBXShellScriptBuildPhase section */

/* Begin PBXSourcesBuildPhase section */
		4DB4662C20756F9500B251F6 /* Sources */ = {
			isa = PBXSourcesBuildPhase;
			buildActionMask = 2147483647;
			files = (
				4DF09C9520759E0B00CC6BB7 /* TextManager.swift in Sources */,
				4DF09C682075901400CC6BB7 /* Navigator.swift in Sources */,
				4DF09C6E2075944700CC6BB7 /* Inceptionv3.mlmodel in Sources */,
				4DF09C6A2075902400CC6BB7 /* MainRouter.swift in Sources */,
				4DF09C9320759E0B00CC6BB7 /* Utilities.swift in Sources */,
				4DB4663820756F9500B251F6 /* MainViewController.swift in Sources */,
				4DB4666E2075779400B251F6 /* MagicPencilViewController.swift in Sources */,
				4DB46670207577A000B251F6 /* SimpleViewController.swift in Sources */,
				4DF09C8A20759E0B00CC6BB7 /* Plane.swift in Sources */,
				4DF09C9420759E0B00CC6BB7 /* ARSCNView+HitTests.swift in Sources */,
				4DF09C8720759E0B00CC6BB7 /* PointNode.swift in Sources */,
				0124E1692077024200F773AC /* MagicPencilViewController+Extension.swift in Sources */,
				4DF09C8820759E0B00CC6BB7 /* FocusSquareSegment.swift in Sources */,
				4DF09C9620759E0B00CC6BB7 /* SceneExtensions.swift in Sources */,
				4DEA91FC2075AD4600673B1D /* LaunchViewController.swift in Sources */,
				4DF09C8920759E0B00CC6BB7 /* FocusSquare.swift in Sources */,
				4DB4663420756F9500B251F6 /* AppDelegate.swift in Sources */,
				4DB4666C2075778600B251F6 /* CoreMLViewController.swift in Sources */,
				4DF09C8620759E0B00CC6BB7 /* VirtualObjectManager.swift in Sources */,
				4DB4666A2075777500B251F6 /* CompositeViewController.swift in Sources */,
			);
			runOnlyForDeploymentPostprocessing = 0;
		};
		4DB4664220756F9900B251F6 /* Sources */ = {
			isa = PBXSourcesBuildPhase;
			buildActionMask = 2147483647;
			files = (
				4DB4664B20756F9900B251F6 /* ARKit_DemoTests.swift in Sources */,
			);
			runOnlyForDeploymentPostprocessing = 0;
		};
		4DB4664D20756F9900B251F6 /* Sources */ = {
			isa = PBXSourcesBuildPhase;
			buildActionMask = 2147483647;
			files = (
				4DB4665620756F9900B251F6 /* ARKit_DemoUITests.swift in Sources */,
			);
			runOnlyForDeploymentPostprocessing = 0;
		};
/* End PBXSourcesBuildPhase section */

/* Begin PBXTargetDependency section */
		4DB4664820756F9900B251F6 /* PBXTargetDependency */ = {
			isa = PBXTargetDependency;
			target = 4DB4662F20756F9500B251F6 /* ARKit-Demo */;
			targetProxy = 4DB4664720756F9900B251F6 /* PBXContainerItemProxy */;
		};
		4DB4665320756F9900B251F6 /* PBXTargetDependency */ = {
			isa = PBXTargetDependency;
			target = 4DB4662F20756F9500B251F6 /* ARKit-Demo */;
			targetProxy = 4DB4665220756F9900B251F6 /* PBXContainerItemProxy */;
		};
/* End PBXTargetDependency section */

/* Begin PBXVariantGroup section */
		4DB4663920756F9500B251F6 /* Main.storyboard */ = {
			isa = PBXVariantGroup;
			children = (
				4DB4663A20756F9500B251F6 /* Base */,
			);
			name = Main.storyboard;
			sourceTree = "<group>";
		};
		4DB4663E20756F9900B251F6 /* LaunchScreen.storyboard */ = {
			isa = PBXVariantGroup;
			children = (
				4DB4663F20756F9900B251F6 /* Base */,
			);
			name = LaunchScreen.storyboard;
			sourceTree = "<group>";
		};
/* End PBXVariantGroup section */

/* Begin XCBuildConfiguration section */
		4DB4665820756F9900B251F6 /* Debug */ = {
			isa = XCBuildConfiguration;
			buildSettings = {
				ALWAYS_SEARCH_USER_PATHS = NO;
				CLANG_ANALYZER_NONNULL = YES;
				CLANG_ANALYZER_NUMBER_OBJECT_CONVERSION = YES_AGGRESSIVE;
				CLANG_CXX_LANGUAGE_STANDARD = "gnu++14";
				CLANG_CXX_LIBRARY = "libc++";
				CLANG_ENABLE_MODULES = YES;
				CLANG_ENABLE_OBJC_ARC = YES;
				CLANG_ENABLE_OBJC_WEAK = YES;
				CLANG_WARN_BLOCK_CAPTURE_AUTORELEASING = YES;
				CLANG_WARN_BOOL_CONVERSION = YES;
				CLANG_WARN_COMMA = YES;
				CLANG_WARN_CONSTANT_CONVERSION = YES;
				CLANG_WARN_DEPRECATED_OBJC_IMPLEMENTATIONS = YES;
				CLANG_WARN_DIRECT_OBJC_ISA_USAGE = YES_ERROR;
				CLANG_WARN_DOCUMENTATION_COMMENTS = YES;
				CLANG_WARN_EMPTY_BODY = YES;
				CLANG_WARN_ENUM_CONVERSION = YES;
				CLANG_WARN_INFINITE_RECURSION = YES;
				CLANG_WARN_INT_CONVERSION = YES;
				CLANG_WARN_NON_LITERAL_NULL_CONVERSION = YES;
				CLANG_WARN_OBJC_IMPLICIT_RETAIN_SELF = YES;
				CLANG_WARN_OBJC_LITERAL_CONVERSION = YES;
				CLANG_WARN_OBJC_ROOT_CLASS = YES_ERROR;
				CLANG_WARN_RANGE_LOOP_ANALYSIS = YES;
				CLANG_WARN_STRICT_PROTOTYPES = YES;
				CLANG_WARN_SUSPICIOUS_MOVE = YES;
				CLANG_WARN_UNGUARDED_AVAILABILITY = YES_AGGRESSIVE;
				CLANG_WARN_UNREACHABLE_CODE = YES;
				CLANG_WARN__DUPLICATE_METHOD_MATCH = YES;
				CODE_SIGN_IDENTITY = "iPhone Developer";
				COPY_PHASE_STRIP = NO;
				DEBUG_INFORMATION_FORMAT = dwarf;
				ENABLE_STRICT_OBJC_MSGSEND = YES;
				ENABLE_TESTABILITY = YES;
				GCC_C_LANGUAGE_STANDARD = gnu11;
				GCC_DYNAMIC_NO_PIC = NO;
				GCC_NO_COMMON_BLOCKS = YES;
				GCC_OPTIMIZATION_LEVEL = 0;
				GCC_PREPROCESSOR_DEFINITIONS = (
					"DEBUG=1",
					"$(inherited)",
				);
				GCC_WARN_64_TO_32_BIT_CONVERSION = YES;
				GCC_WARN_ABOUT_RETURN_TYPE = YES_ERROR;
				GCC_WARN_UNDECLARED_SELECTOR = YES;
				GCC_WARN_UNINITIALIZED_AUTOS = YES_AGGRESSIVE;
				GCC_WARN_UNUSED_FUNCTION = YES;
				GCC_WARN_UNUSED_VARIABLE = YES;
				IPHONEOS_DEPLOYMENT_TARGET = 11.3;
				MTL_ENABLE_DEBUG_INFO = YES;
				ONLY_ACTIVE_ARCH = YES;
				SDKROOT = iphoneos;
				SWIFT_ACTIVE_COMPILATION_CONDITIONS = DEBUG;
				SWIFT_OPTIMIZATION_LEVEL = "-Onone";
			};
			name = Debug;
		};
		4DB4665920756F9900B251F6 /* Release */ = {
			isa = XCBuildConfiguration;
			buildSettings = {
				ALWAYS_SEARCH_USER_PATHS = NO;
				CLANG_ANALYZER_NONNULL = YES;
				CLANG_ANALYZER_NUMBER_OBJECT_CONVERSION = YES_AGGRESSIVE;
				CLANG_CXX_LANGUAGE_STANDARD = "gnu++14";
				CLANG_CXX_LIBRARY = "libc++";
				CLANG_ENABLE_MODULES = YES;
				CLANG_ENABLE_OBJC_ARC = YES;
				CLANG_ENABLE_OBJC_WEAK = YES;
				CLANG_WARN_BLOCK_CAPTURE_AUTORELEASING = YES;
				CLANG_WARN_BOOL_CONVERSION = YES;
				CLANG_WARN_COMMA = YES;
				CLANG_WARN_CONSTANT_CONVERSION = YES;
				CLANG_WARN_DEPRECATED_OBJC_IMPLEMENTATIONS = YES;
				CLANG_WARN_DIRECT_OBJC_ISA_USAGE = YES_ERROR;
				CLANG_WARN_DOCUMENTATION_COMMENTS = YES;
				CLANG_WARN_EMPTY_BODY = YES;
				CLANG_WARN_ENUM_CONVERSION = YES;
				CLANG_WARN_INFINITE_RECURSION = YES;
				CLANG_WARN_INT_CONVERSION = YES;
				CLANG_WARN_NON_LITERAL_NULL_CONVERSION = YES;
				CLANG_WARN_OBJC_IMPLICIT_RETAIN_SELF = YES;
				CLANG_WARN_OBJC_LITERAL_CONVERSION = YES;
				CLANG_WARN_OBJC_ROOT_CLASS = YES_ERROR;
				CLANG_WARN_RANGE_LOOP_ANALYSIS = YES;
				CLANG_WARN_STRICT_PROTOTYPES = YES;
				CLANG_WARN_SUSPICIOUS_MOVE = YES;
				CLANG_WARN_UNGUARDED_AVAILABILITY = YES_AGGRESSIVE;
				CLANG_WARN_UNREACHABLE_CODE = YES;
				CLANG_WARN__DUPLICATE_METHOD_MATCH = YES;
				CODE_SIGN_IDENTITY = "iPhone Developer";
				COPY_PHASE_STRIP = NO;
				DEBUG_INFORMATION_FORMAT = "dwarf-with-dsym";
				ENABLE_NS_ASSERTIONS = NO;
				ENABLE_STRICT_OBJC_MSGSEND = YES;
				GCC_C_LANGUAGE_STANDARD = gnu11;
				GCC_NO_COMMON_BLOCKS = YES;
				GCC_WARN_64_TO_32_BIT_CONVERSION = YES;
				GCC_WARN_ABOUT_RETURN_TYPE = YES_ERROR;
				GCC_WARN_UNDECLARED_SELECTOR = YES;
				GCC_WARN_UNINITIALIZED_AUTOS = YES_AGGRESSIVE;
				GCC_WARN_UNUSED_FUNCTION = YES;
				GCC_WARN_UNUSED_VARIABLE = YES;
				IPHONEOS_DEPLOYMENT_TARGET = 11.3;
				MTL_ENABLE_DEBUG_INFO = NO;
				SDKROOT = iphoneos;
				SWIFT_COMPILATION_MODE = wholemodule;
				SWIFT_OPTIMIZATION_LEVEL = "-O";
				VALIDATE_PRODUCT = YES;
			};
			name = Release;
		};
		4DB4665B20756F9900B251F6 /* Debug */ = {
			isa = XCBuildConfiguration;
			buildSettings = {
				ASSETCATALOG_COMPILER_APPICON_NAME = AppIcon;
				ASSETCATALOG_COMPILER_LAUNCHIMAGE_NAME = LaunchImage;
				CODE_SIGN_STYLE = Automatic;
				DEVELOPMENT_TEAM = ARC7EPQWL9;
				INFOPLIST_FILE = "ARKit-Demo/Info.plist";
				LD_RUNPATH_SEARCH_PATHS = (
					"$(inherited)",
					"@executable_path/Frameworks",
				);
				PRODUCT_BUNDLE_IDENTIFIER = "com.intiveFDV.ARKit-Demo";
				PRODUCT_NAME = "$(TARGET_NAME)";
				SWIFT_VERSION = 4.0;
				TARGETED_DEVICE_FAMILY = "1,2";
			};
			name = Debug;
		};
		4DB4665C20756F9900B251F6 /* Release */ = {
			isa = XCBuildConfiguration;
			buildSettings = {
				ASSETCATALOG_COMPILER_APPICON_NAME = AppIcon;
				ASSETCATALOG_COMPILER_LAUNCHIMAGE_NAME = LaunchImage;
				CODE_SIGN_STYLE = Automatic;
				DEVELOPMENT_TEAM = ARC7EPQWL9;
				INFOPLIST_FILE = "ARKit-Demo/Info.plist";
				LD_RUNPATH_SEARCH_PATHS = (
					"$(inherited)",
					"@executable_path/Frameworks",
				);
				PRODUCT_BUNDLE_IDENTIFIER = "com.intiveFDV.ARKit-Demo";
				PRODUCT_NAME = "$(TARGET_NAME)";
				SWIFT_VERSION = 4.0;
				TARGETED_DEVICE_FAMILY = "1,2";
			};
			name = Release;
		};
		4DB4665E20756F9900B251F6 /* Debug */ = {
			isa = XCBuildConfiguration;
			buildSettings = {
				ALWAYS_EMBED_SWIFT_STANDARD_LIBRARIES = YES;
				BUNDLE_LOADER = "$(TEST_HOST)";
				CODE_SIGN_STYLE = Automatic;
				INFOPLIST_FILE = "ARKit-DemoTests/Info.plist";
				LD_RUNPATH_SEARCH_PATHS = (
					"$(inherited)",
					"@executable_path/Frameworks",
					"@loader_path/Frameworks",
				);
				PRODUCT_BUNDLE_IDENTIFIER = "com.intiveFDV.ARKit-DemoTests";
				PRODUCT_NAME = "$(TARGET_NAME)";
				SWIFT_VERSION = 4.0;
				TARGETED_DEVICE_FAMILY = "1,2";
				TEST_HOST = "$(BUILT_PRODUCTS_DIR)/ARKit-Demo.app/ARKit-Demo";
			};
			name = Debug;
		};
		4DB4665F20756F9900B251F6 /* Release */ = {
			isa = XCBuildConfiguration;
			buildSettings = {
				ALWAYS_EMBED_SWIFT_STANDARD_LIBRARIES = YES;
				BUNDLE_LOADER = "$(TEST_HOST)";
				CODE_SIGN_STYLE = Automatic;
				INFOPLIST_FILE = "ARKit-DemoTests/Info.plist";
				LD_RUNPATH_SEARCH_PATHS = (
					"$(inherited)",
					"@executable_path/Frameworks",
					"@loader_path/Frameworks",
				);
				PRODUCT_BUNDLE_IDENTIFIER = "com.intiveFDV.ARKit-DemoTests";
				PRODUCT_NAME = "$(TARGET_NAME)";
				SWIFT_VERSION = 4.0;
				TARGETED_DEVICE_FAMILY = "1,2";
				TEST_HOST = "$(BUILT_PRODUCTS_DIR)/ARKit-Demo.app/ARKit-Demo";
			};
			name = Release;
		};
		4DB4666120756F9900B251F6 /* Debug */ = {
			isa = XCBuildConfiguration;
			buildSettings = {
				ALWAYS_EMBED_SWIFT_STANDARD_LIBRARIES = YES;
				CODE_SIGN_STYLE = Automatic;
				INFOPLIST_FILE = "ARKit-DemoUITests/Info.plist";
				LD_RUNPATH_SEARCH_PATHS = (
					"$(inherited)",
					"@executable_path/Frameworks",
					"@loader_path/Frameworks",
				);
				PRODUCT_BUNDLE_IDENTIFIER = "com.intiveFDV.ARKit-DemoUITests";
				PRODUCT_NAME = "$(TARGET_NAME)";
				SWIFT_VERSION = 4.0;
				TARGETED_DEVICE_FAMILY = "1,2";
				TEST_TARGET_NAME = "ARKit-Demo";
			};
			name = Debug;
		};
		4DB4666220756F9900B251F6 /* Release */ = {
			isa = XCBuildConfiguration;
			buildSettings = {
				ALWAYS_EMBED_SWIFT_STANDARD_LIBRARIES = YES;
				CODE_SIGN_STYLE = Automatic;
				INFOPLIST_FILE = "ARKit-DemoUITests/Info.plist";
				LD_RUNPATH_SEARCH_PATHS = (
					"$(inherited)",
					"@executable_path/Frameworks",
					"@loader_path/Frameworks",
				);
				PRODUCT_BUNDLE_IDENTIFIER = "com.intiveFDV.ARKit-DemoUITests";
				PRODUCT_NAME = "$(TARGET_NAME)";
				SWIFT_VERSION = 4.0;
				TARGETED_DEVICE_FAMILY = "1,2";
				TEST_TARGET_NAME = "ARKit-Demo";
			};
			name = Release;
		};
/* End XCBuildConfiguration section */

/* Begin XCConfigurationList section */
		4DB4662B20756F9500B251F6 /* Build configuration list for PBXProject "ARKit-Demo" */ = {
			isa = XCConfigurationList;
			buildConfigurations = (
				4DB4665820756F9900B251F6 /* Debug */,
				4DB4665920756F9900B251F6 /* Release */,
			);
			defaultConfigurationIsVisible = 0;
			defaultConfigurationName = Release;
		};
		4DB4665A20756F9900B251F6 /* Build configuration list for PBXNativeTarget "ARKit-Demo" */ = {
			isa = XCConfigurationList;
			buildConfigurations = (
				4DB4665B20756F9900B251F6 /* Debug */,
				4DB4665C20756F9900B251F6 /* Release */,
			);
			defaultConfigurationIsVisible = 0;
			defaultConfigurationName = Release;
		};
		4DB4665D20756F9900B251F6 /* Build configuration list for PBXNativeTarget "ARKit-DemoTests" */ = {
			isa = XCConfigurationList;
			buildConfigurations = (
				4DB4665E20756F9900B251F6 /* Debug */,
				4DB4665F20756F9900B251F6 /* Release */,
			);
			defaultConfigurationIsVisible = 0;
			defaultConfigurationName = Release;
		};
		4DB4666020756F9900B251F6 /* Build configuration list for PBXNativeTarget "ARKit-DemoUITests" */ = {
			isa = XCConfigurationList;
			buildConfigurations = (
				4DB4666120756F9900B251F6 /* Debug */,
				4DB4666220756F9900B251F6 /* Release */,
			);
			defaultConfigurationIsVisible = 0;
			defaultConfigurationName = Release;
		};
/* End XCConfigurationList section */
	};
	rootObject = 4DB4662820756F9500B251F6 /* Project object */;
}
